
Microsoft Visual Studio Solution File, Format Version 12.00
# Visual Studio Version 16
VisualStudioVersion = 16.0.32126.315
MinimumVisualStudioVersion = 10.0.40219.1
Project("{FAE04EC0-301F-11D3-BF4B-00C04F79EFBC}") = "QL_KhoHang", "QL_KhoHang\QL_KhoHang.csproj", "{75DE59D0-EC1F-454C-A0F2-AB4F3297E595}"
EndProject
Global
	GlobalSection(SolutionConfigurationPlatforms) = preSolution
		Debug|Any CPU = Debug|Any CPU
		Release|Any CPU = Release|Any CPU
	EndGlobalSection
	GlobalSection(ProjectConfigurationPlatforms) = postSolution
		{75DE59D0-EC1F-454C-A0F2-AB4F3297E595}.Debug|Any CPU.ActiveCfg = Debug|Any CPU
		{75DE59D0-EC1F-454C-A0F2-AB4F3297E595}.Debug|Any CPU.Build.0 = Debug|Any CPU
		{75DE59D0-EC1F-454C-A0F2-AB4F3297E595}.Release|Any CPU.ActiveCfg = Release|Any CPU
		{75DE59D0-EC1F-454C-A0F2-AB4F3297E595}.Release|Any CPU.Build.0 = Release|Any CPU
	EndGlobalSection
	GlobalSection(SolutionProperties) = preSolution
		HideSolutionNode = FALSE
	EndGlobalSection
	GlobalSection(ExtensibilityGlobals) = postSolution
		SolutionGuid = {FC7E065F-E30D-4E2B-A79F-33EE09ADF9F1}
	EndGlobalSection
EndGlobal
